{
  "name": "test",
  "version": "1.0.0",
  "lockfileVersion": 3,
  "requires": true,
  "packages": {
    "": {
      "name": "test",
      "version": "1.0.0",
      "license": "ISC",
      "dependencies": {
        "sugar-date": "^2.0.6"
      }
    },
    "node_modules/sugar-core": {
      "version": "2.0.6",
      "resolved": "https://registry.npmjs.org/sugar-core/-/sugar-core-2.0.6.tgz",
      "integrity": "sha512-YmLFysR3Si6RImqL1+aB6JH81EXxvXn5iXhPf2PsjfoUYEwCxFDYCQY+zC3WqviuGWzxFaSkkJvkUE05Y03L5Q==",
      "engines": {
        "node": ">= 0.8.23"
      }
    },
    "node_modules/sugar-date": {
      "version": "2.0.6",
      "resolved": "https://registry.npmjs.org/sugar-date/-/sugar-date-2.0.6.tgz",
      "integrity": "sha512-5aPXcTl9pIgae3j8wOieRZOEbaowHHpL+MPgZwHHjXdhZz3FjzpacjzM+Aq7rZTjDsWyWuKHzkIALx2uUhnmyg==",
      "dependencies": {
        "sugar-core": "^2.0.0"
      },
      "engines": {
        "node": ">= 0.8.23"
      }
    }
  }
}
